
Microsoft Visual Studio Solution File, Format Version 12.00
# Visual Studio Version 17
VisualStudioVersion = 17.9.34728.123
MinimumVisualStudioVersion = 10.0.40219.1
Project("{FAE04EC0-301F-11D3-BF4B-00C04F79EFBC}") = "CadastroProdutos", "CadastroProdutos\CadastroProdutos.csproj", "{F2014212-F6AF-4954-AF52-CD0D7BC1BE6B}"
EndProject
Global
	GlobalSection(SolutionConfigurationPlatforms) = preSolution
		Debug|Any CPU = Debug|Any CPU
		Release|Any CPU = Release|Any CPU
	EndGlobalSection
	GlobalSection(ProjectConfigurationPlatforms) = postSolution
		{F2014212-F6AF-4954-AF52-CD0D7BC1BE6B}.Debug|Any CPU.ActiveCfg = Debug|Any CPU
		{F2014212-F6AF-4954-AF52-CD0D7BC1BE6B}.Debug|Any CPU.Build.0 = Debug|Any CPU
		{F2014212-F6AF-4954-AF52-CD0D7BC1BE6B}.Release|Any CPU.ActiveCfg = Release|Any CPU
		{F2014212-F6AF-4954-AF52-CD0D7BC1BE6B}.Release|Any CPU.Build.0 = Release|Any CPU
	EndGlobalSection
	GlobalSection(SolutionProperties) = preSolution
		HideSolutionNode = FALSE
	EndGlobalSection
	GlobalSection(ExtensibilityGlobals) = postSolution
		SolutionGuid = {788912EC-C591-42E4-AB42-142632DD749B}
	EndGlobalSection
EndGlobal
